
Microsoft Visual Studio Solution File, Format Version 12.00
Project("{FAE04EC0-301F-11D3-BF4B-00C04F79EFBC}") = "RdgBargraphCommunication", "RdgBargraphCommunication\RdgBargraphCommunication.csproj", "{D8DA5A4D-33EC-4452-98CB-DAFF515E3A46}"
EndProject
Project("{FAE04EC0-301F-11D3-BF4B-00C04F79EFBC}") = "Services", "Services\Services.csproj", "{78826D97-CD64-4D66-AC47-B63F52548147}"
EndProject
Global
	GlobalSection(SolutionConfigurationPlatforms) = preSolution
		Debug|Any CPU = Debug|Any CPU
		Release|Any CPU = Release|Any CPU
	EndGlobalSection
	GlobalSection(ProjectConfigurationPlatforms) = postSolution
		{D8DA5A4D-33EC-4452-98CB-DAFF515E3A46}.Debug|Any CPU.ActiveCfg = Debug|Any CPU
		{D8DA5A4D-33EC-4452-98CB-DAFF515E3A46}.Debug|Any CPU.Build.0 = Debug|Any CPU
		{D8DA5A4D-33EC-4452-98CB-DAFF515E3A46}.Release|Any CPU.ActiveCfg = Release|Any CPU
		{D8DA5A4D-33EC-4452-98CB-DAFF515E3A46}.Release|Any CPU.Build.0 = Release|Any CPU
		{78826D97-CD64-4D66-AC47-B63F52548147}.Debug|Any CPU.ActiveCfg = Debug|Any CPU
		{78826D97-CD64-4D66-AC47-B63F52548147}.Debug|Any CPU.Build.0 = Debug|Any CPU
		{78826D97-CD64-4D66-AC47-B63F52548147}.Release|Any CPU.ActiveCfg = Release|Any CPU
		{78826D97-CD64-4D66-AC47-B63F52548147}.Release|Any CPU.Build.0 = Release|Any CPU
	EndGlobalSection
EndGlobal
